%{
  "bunt": {:hex, :bunt, "0.2.0", "951c6e801e8b1d2cbe58ebbd3e616a869061ddadcc4863d0a2182541acae9a38", [:mix], [], "hexpm", "7af5c7e09fe1d40f76c8e4f9dd2be7cebd83909f31fee7cd0e9eadc567da8353"},
  "castore": {:hex, :castore, "0.1.14", "3f6d7c7c1574c402fef29559d3f1a7389ba3524bc6a090a5e9e6abc3af65dcca", [:mix], [], "hexpm", "b34af542eadb727e6c8b37fdf73e18b2e02eb483a4ea0b52fd500bc23f052b7b"},
  "credo": {:hex, :credo, "1.6.2", "2f82b29a47c0bb7b72f023bf3a34d151624f1cbe1e6c4e52303b05a11166a701", [:mix], [{:bunt, "~> 0.2.0", [hex: :bunt, repo: "hexpm", optional: false]}, {:file_system, "~> 0.2.8", [hex: :file_system, repo: "hexpm", optional: false]}, {:jason, "~> 1.0", [hex: :jason, repo: "hexpm", optional: false]}], "hexpm", "ae9dc112bc368e7b145c547bec2ed257ef88955851c15057c7835251a17211c6"},
  "decorator": {:hex, :decorator, "1.4.0", "a57ac32c823ea7e4e67f5af56412d12b33274661bb7640ec7fc882f8d23ac419", [:mix], [], "hexpm", "0a07cedd9083da875c7418dea95b78361197cf2bf3211d743f6f7ce39656597f"},
  "earmark": {:hex, :earmark, "1.4.9", "837e4c1c5302b3135e9955f2bbf52c6c52e950c383983942b68b03909356c0d9", [:mix], [{:earmark_parser, ">= 1.4.9", [hex: :earmark_parser, repo: "hexpm", optional: false]}], "hexpm", "0d72df7d13a3dc8422882bed5263fdec5a773f56f7baeb02379361cb9e5b0d8e"},
  "earmark_parser": {:hex, :earmark_parser, "1.4.19", "de0d033d5ff9fc396a24eadc2fcf2afa3d120841eb3f1004d138cbf9273210e8", [:mix], [], "hexpm", "527ab6630b5c75c3a3960b75844c314ec305c76d9899bb30f71cb85952a9dc45"},
  "ex_doc": {:hex, :ex_doc, "0.28.0", "7eaf526dd8c80ae8c04d52ac8801594426ae322b52a6156cd038f30bafa8226f", [:mix], [{:earmark_parser, "~> 1.4.19", [hex: :earmark_parser, repo: "hexpm", optional: false]}, {:makeup_elixir, "~> 0.14", [hex: :makeup_elixir, repo: "hexpm", optional: false]}, {:makeup_erlang, "~> 0.1", [hex: :makeup_erlang, repo: "hexpm", optional: false]}], "hexpm", "e55cdadf69a5d1f4cfd8477122ebac5e1fadd433a8c1022dafc5025e48db0131"},
  "file_system": {:hex, :file_system, "0.2.10", "fb082005a9cd1711c05b5248710f8826b02d7d1784e7c3451f9c1231d4fc162d", [:mix], [], "hexpm", "41195edbfb562a593726eda3b3e8b103a309b733ad25f3d642ba49696bf715dc"},
  "finch": {:hex, :finch, "0.10.2", "9ad27d68270d879f73f26604bb2e573d40f29bf0e907064a9a337f90a16a0312", [:mix], [{:castore, "~> 0.1", [hex: :castore, repo: "hexpm", optional: false]}, {:mint, "~> 1.3", [hex: :mint, repo: "hexpm", optional: false]}, {:nimble_options, "~> 0.4.0", [hex: :nimble_options, repo: "hexpm", optional: false]}, {:nimble_pool, "~> 0.2", [hex: :nimble_pool, repo: "hexpm", optional: false]}, {:telemetry, "~> 0.4 or ~> 1.0", [hex: :telemetry, repo: "hexpm", optional: false]}], "hexpm", "dd8b11b282072cec2ef30852283949c248bd5d2820c88d8acc89402b81db7550"},
  "gen_stage": {:hex, :gen_stage, "1.1.2", "b1656cd4ba431ed02c5656fe10cb5423820847113a07218da68eae5d6a260c23", [:mix], [], "hexpm", "9e39af23140f704e2b07a3e29d8f05fd21c2aaf4088ff43cb82be4b9e3148d02"},
  "jason": {:hex, :jason, "1.3.0", "fa6b82a934feb176263ad2df0dbd91bf633d4a46ebfdffea0c8ae82953714946", [:mix], [{:decimal, "~> 1.0 or ~> 2.0", [hex: :decimal, repo: "hexpm", optional: true]}], "hexpm", "53fc1f51255390e0ec7e50f9cb41e751c260d065dcba2bf0d08dc51a4002c2ac"},
  "makeup": {:hex, :makeup, "1.0.5", "d5a830bc42c9800ce07dd97fa94669dfb93d3bf5fcf6ea7a0c67b2e0e4a7f26c", [:mix], [{:nimble_parsec, "~> 0.5 or ~> 1.0", [hex: :nimble_parsec, repo: "hexpm", optional: false]}], "hexpm", "cfa158c02d3f5c0c665d0af11512fed3fba0144cf1aadee0f2ce17747fba2ca9"},
  "makeup_elixir": {:hex, :makeup_elixir, "0.15.2", "dc72dfe17eb240552857465cc00cce390960d9a0c055c4ccd38b70629227e97c", [:mix], [{:makeup, "~> 1.0", [hex: :makeup, repo: "hexpm", optional: false]}, {:nimble_parsec, "~> 1.1", [hex: :nimble_parsec, repo: "hexpm", optional: false]}], "hexpm", "fd23ae48d09b32eff49d4ced2b43c9f086d402ee4fd4fcb2d7fad97fa8823e75"},
  "makeup_erlang": {:hex, :makeup_erlang, "0.1.1", "3fcb7f09eb9d98dc4d208f49cc955a34218fc41ff6b84df7c75b3e6e533cc65f", [:mix], [{:makeup, "~> 1.0", [hex: :makeup, repo: "hexpm", optional: false]}], "hexpm", "174d0809e98a4ef0b3309256cbf97101c6ec01c4ab0b23e926a9e17df2077cbb"},
  "mentat": {:hex, :mentat, "0.7.2", "78318a944abc185764e7f899036fa25a7db9b75b1264516c8ae4c913e677d98c", [:mix], [{:norm, "~> 0.12", [hex: :norm, repo: "hexpm", optional: false]}, {:oath, "~> 0.1", [hex: :oath, repo: "hexpm", optional: false]}, {:telemetry, "~> 0.4 or ~> 1.0", [hex: :telemetry, repo: "hexpm", optional: false]}], "hexpm", "32f8c332dc7a6fe2220456e32e5ca5b4fd65908a1714c8aa1959f81a9262fd0a"},
  "mint": {:hex, :mint, "1.4.0", "cd7d2451b201fc8e4a8fd86257fb3878d9e3752899eb67b0c5b25b180bde1212", [:mix], [{:castore, "~> 0.1.0", [hex: :castore, repo: "hexpm", optional: true]}], "hexpm", "10a99e144b815cbf8522dccbc8199d15802440fc7a64d67b6853adb6fa170217"},
  "nimble_options": {:hex, :nimble_options, "0.4.0", "c89babbab52221a24b8d1ff9e7d838be70f0d871be823165c94dd3418eea728f", [:mix], [], "hexpm", "e6701c1af326a11eea9634a3b1c62b475339ace9456c1a23ec3bc9a847bca02d"},
  "nimble_parsec": {:hex, :nimble_parsec, "1.2.0", "b44d75e2a6542dcb6acf5d71c32c74ca88960421b6874777f79153bbbbd7dccc", [:mix], [], "hexpm", "52b2871a7515a5ac49b00f214e4165a40724cf99798d8e4a65e4fd64ebd002c1"},
  "nimble_pool": {:hex, :nimble_pool, "0.2.4", "1db8e9f8a53d967d595e0b32a17030cdb6c0dc4a451b8ac787bf601d3f7704c3", [:mix], [], "hexpm", "367e8071e137b787764e6a9992ccb57b276dc2282535f767a07d881951ebeac6"},
  "norm": {:hex, :norm, "0.13.0", "2c562113f3205e3f195ee288d3bd1ab903743e7e9f3282562c56c61c4d95dec4", [:mix], [{:stream_data, "~> 0.5", [hex: :stream_data, repo: "hexpm", optional: true]}], "hexpm", "447cc96dd2d0e19dcb37c84b5fc0d6842aad69386e846af048046f95561d46d7"},
  "oath": {:hex, :oath, "0.1.1", "9e96fc0bc94c8e2fe2deb84641f8b4533b7753575ac1829e1db4180f2b5656c4", [:mix], [{:decorator, "~> 1.3", [hex: :decorator, repo: "hexpm", optional: false]}], "hexpm", "d7e32cf0555905d422e5a90e8a7ce49c123710caa0fa2f7840bddbc1a0e93103"},
  "redix": {:hex, :redix, "1.1.5", "6fc460d66a5c2287e83e6d73dddc8d527ff59cb4d4f298b41e03a4db8c3b2bd5", [:mix], [{:castore, "~> 0.1.0", [hex: :castore, repo: "hexpm", optional: true]}, {:telemetry, "~> 0.4.0 or ~> 1.0", [hex: :telemetry, repo: "hexpm", optional: false]}], "hexpm", "679afdd4c14502fe9c11387ff1cdcb33065a1cf511097da1eee407f17c7a418b"},
  "telemetry": {:hex, :telemetry, "1.2.1", "68fdfe8d8f05a8428483a97d7aab2f268aaff24b49e0f599faa091f1d4e7f61c", [:rebar3], [], "hexpm", "dad9ce9d8effc621708f99eac538ef1cbe05d6a874dd741de2e689c47feafed5"},
  "websocket_client": {:hex, :websocket_client, "1.4.2", "f1036e3f9427eecdb66808eee56dbcaeb5a1a352306e6a0d0d23a9487205f4d7", [:rebar3], [], "hexpm", "c005e5f8f2f6a8533c497a509dc52f3e6fb42fa2e0d67bff8ebc8802868d84ed"},
}
